PODS:
  - Alamofire (5.4.1)
  - Realm (10.5.0):
    - Realm/Headers (= 10.5.0)
  - Realm/Headers (10.5.0)
  - RealmSwift (10.5.0):
    - Realm (= 10.5.0)

DEPENDENCIES:
  - Alamofire
  - RealmSwift

SPEC REPOS:
  trunk:
    - Alamofire
    - Realm
    - RealmSwift

SPEC CHECKSUMS:
  Alamofire: 2291f7d21ca607c491dd17642e5d40fdcda0e65c
  Realm: e1c22c3d83b229afb70ebc10e1771c91e9542d12
  RealmSwift: 6fc078d9d3fd7e58c71bfdbb694e252462f112a5

PODFILE CHECKSUM: a2fa5addaa48ad5a3e4196cbaea41aa2e15d7ffc

COCOAPODS: 1.10.0
